
Microsoft Visual Studio Solution File, Format Version 12.00
# Visual Studio Version 17
VisualStudioVersion = 17.5.33530.505
MinimumVisualStudioVersion = 10.0.40219.1
Project("{FAE04EC0-301F-11D3-BF4B-00C04F79EFBC}") = "GeometricCalculator", "GeometricCalculator\GeometricCalculator.csproj", "{19223095-3FD4-4CA0-BFFE-1AA04702C7AD}"
EndProject
Project("{FAE04EC0-301F-11D3-BF4B-00C04F79EFBC}") = "GeometricCalculator.Tests", "GeometricCalculator.Tests\GeometricCalculator.Tests.csproj", "{C30108E8-C338-44BB-B831-3827E47BDDB4}"
EndProject
Global
	GlobalSection(SolutionConfigurationPlatforms) = preSolution
		Debug|Any CPU = Debug|Any CPU
		Release|Any CPU = Release|Any CPU
	EndGlobalSection
	GlobalSection(ProjectConfigurationPlatforms) = postSolution
		{19223095-3FD4-4CA0-BFFE-1AA04702C7AD}.Debug|Any CPU.ActiveCfg = Debug|Any CPU
		{19223095-3FD4-4CA0-BFFE-1AA04702C7AD}.Debug|Any CPU.Build.0 = Debug|Any CPU
		{19223095-3FD4-4CA0-BFFE-1AA04702C7AD}.Release|Any CPU.ActiveCfg = Release|Any CPU
		{19223095-3FD4-4CA0-BFFE-1AA04702C7AD}.Release|Any CPU.Build.0 = Release|Any CPU
		{C30108E8-C338-44BB-B831-3827E47BDDB4}.Debug|Any CPU.ActiveCfg = Debug|Any CPU
		{C30108E8-C338-44BB-B831-3827E47BDDB4}.Debug|Any CPU.Build.0 = Debug|Any CPU
		{C30108E8-C338-44BB-B831-3827E47BDDB4}.Release|Any CPU.ActiveCfg = Release|Any CPU
		{C30108E8-C338-44BB-B831-3827E47BDDB4}.Release|Any CPU.Build.0 = Release|Any CPU
	EndGlobalSection
	GlobalSection(SolutionProperties) = preSolution
		HideSolutionNode = FALSE
	EndGlobalSection
	GlobalSection(ExtensibilityGlobals) = postSolution
		SolutionGuid = {BDCC1992-09CC-4290-B05A-F3EA1D59D262}
	EndGlobalSection
EndGlobal
